{
  "nodes": {
    "flake-utils": {
      "locked": {
        "lastModified": 1656928814,
        "narHash": "sha256-RIFfgBuKz6Hp89yRr7+NR5tzIAbn52h8vT6vXkYjZoM=",
        "owner": "numtide",
        "repo": "flake-utils",
        "rev": "7e2a3b3dfd9af950a856d66b0a7d01e3c18aa249",
        "type": "github"
      },
      "original": {
        "owner": "numtide",
        "repo": "flake-utils",
        "type": "github"
      }
    },
    "nixpkgs": {
      "locked": {
        "lastModified": 1658686720,
        "narHash": "sha256-Dy6eBH3a3XtPzU78DU17aCU5xIA/jEWSp3IPd1vq/P4=",
        "owner": "NixOS",
        "repo": "nixpkgs",
        "rev": "92dd57f4afe6476b847b9e3b5b2b15a496d8da64",
        "type": "github"
      },
      "original": {
        "owner": "NixOS",
        "repo": "nixpkgs",
        "type": "github"
      }
    },
    "root": {
      "inputs": {
        "flake-utils": "flake-utils",
        "nixpkgs": "nixpkgs",
        "rust-overlay": "rust-overlay"
      }
    },
    "rust-overlay": {
      "inputs": {
        "flake-utils": [
          "flake-utils"
        ],
        "nixpkgs": [
          "nixpkgs"
        ]
      },
      "locked": {
        "lastModified": 1658631078,
        "narHash": "sha256-S7VwSESkWCE63onqHflCQN7wXDj8jEQWqVZ0xN49uI0=",
        "owner": "oxalica",
        "repo": "rust-overlay",
        "rev": "ca940790dfceda8deada1a6c6ec32ecb9483f79f",
        "type": "github"
      },
      "original": {
        "owner": "oxalica",
        "repo": "rust-overlay",
        "type": "github"
      }
    }
  },
  "root": "root",
  "version": 7
}
